// !$*UTF8*$!
{
	archiveVersion = 1;
	classes = {
	};
	objectVersion = 50;
	objects = {

/* Begin PBXBuildFile section */
		2BB9E75C26AB605700112651 /* AppDelegate.swift in Sources */ = {isa = PBXBuildFile; fileRef = 2BB9E75B26AB605700112651 /* AppDelegate.swift */; };
		2BB9E75E26AB605700112651 /* SceneDelegate.swift in Sources */ = {isa = PBXBuildFile; fileRef = 2BB9E75D26AB605700112651 /* SceneDelegate.swift */; };
		2BB9E76526AB605900112651 /* Assets.xcassets in Resources */ = {isa = PBXBuildFile; fileRef = 2BB9E76426AB605900112651 /* Assets.xcassets */; };
		2BB9E76826AB605900112651 /* LaunchScreen.storyboard in Resources */ = {isa = PBXBuildFile; fileRef = 2BB9E76626AB605900112651 /* LaunchScreen.storyboard */; };
		2BB9F29126ADFAF100F43852 /* Data.swift in Sources */ = {isa = PBXBuildFile; fileRef = 2BB9F29026ADFAF100F43852 /* Data.swift */; };
		2BB9F29526AE01A300F43852 /* s1-title.txt in Resources */ = {isa = PBXBuildFile; fileRef = 2BB9F29426AE01A300F43852 /* s1-title.txt */; };
		2BB9F29726AE01B800F43852 /* s1-text.txt in Resources */ = {isa = PBXBuildFile; fileRef = 2BB9F29626AE01B800F43852 /* s1-text.txt */; };
		2BB9F2EC26AF1F6200F43852 /* story-1-path.swift in Sources */ = {isa = PBXBuildFile; fileRef = 2BB9F2EB26AF1F6200F43852 /* story-1-path.swift */; };
		2BB9F2FE26AF556600F43852 /* s2-title.txt in Resources */ = {isa = PBXBuildFile; fileRef = 2BB9F2FD26AF556600F43852 /* s2-title.txt */; };
		2BB9F30126AF557E00F43852 /* story-2-path.swift in Sources */ = {isa = PBXBuildFile; fileRef = 2BB9F30026AF557E00F43852 /* story-2-path.swift */; };
		2BB9F30226AF57B500F43852 /* s2-text.txt in Resources */ = {isa = PBXBuildFile; fileRef = 2BB9F2FF26AF556C00F43852 /* s2-text.txt */; };
		2BB9F30726AF5D9D00F43852 /* s3-text.txt in Resources */ = {isa = PBXBuildFile; fileRef = 2BB9F30626AF5D9D00F43852 /* s3-text.txt */; };
		2BB9F30926AF5DAF00F43852 /* s3-title.txt in Resources */ = {isa = PBXBuildFile; fileRef = 2BB9F30826AF5DAF00F43852 /* s3-title.txt */; };
		2BB9F30B26AF5EEC00F43852 /* story-3-path.swift in Sources */ = {isa = PBXBuildFile; fileRef = 2BB9F30A26AF5EEC00F43852 /* story-3-path.swift */; };
		2BB9F30E26AF5FA900F43852 /* story-4-path.swift in Sources */ = {isa = PBXBuildFile; fileRef = 2BB9F30D26AF5FA900F43852 /* story-4-path.swift */; };
		2BB9F31026AF5FB300F43852 /* s4-text.txt in Resources */ = {isa = PBXBuildFile; fileRef = 2BB9F30F26AF5FB300F43852 /* s4-text.txt */; };
		2BB9F31226AF5FBE00F43852 /* s4-title.txt in Resources */ = {isa = PBXBuildFile; fileRef = 2BB9F31126AF5FBE00F43852 /* s4-title.txt */; };
		E91CDB6026B8548A006E79EB /* CoverImageView.swift in Sources */ = {isa = PBXBuildFile; fileRef = E91CDB5F26B8548A006E79EB /* CoverImageView.swift */; };
		E91CDB6626B890D7006E79EB /* PaddingLabel.swift in Sources */ = {isa = PBXBuildFile; fileRef = E91CDB6526B890D7006E79EB /* PaddingLabel.swift */; };
		E92D071F26B9716300419A27 /* ContentData.swift in Sources */ = {isa = PBXBuildFile; fileRef = E92D071E26B9716300419A27 /* ContentData.swift */; };
		E92D072426B9804D00419A27 /* ClickableImage.swift in Sources */ = {isa = PBXBuildFile; fileRef = E92D072326B9804D00419A27 /* ClickableImage.swift */; };
		E92D072626B9857A00419A27 /* FullImageViewController.swift in Sources */ = {isa = PBXBuildFile; fileRef = E92D072526B9857A00419A27 /* FullImageViewController.swift */; };
		E92D072C26B9CBC300419A27 /* Canvas.swift in Sources */ = {isa = PBXBuildFile; fileRef = E92D072B26B9CBC300419A27 /* Canvas.swift */; };
		E939FBB526BA905600C7F70C /* my-story-1-path.swift in Sources */ = {isa = PBXBuildFile; fileRef = E939FBB426BA905600C7F70C /* my-story-1-path.swift */; };
		E939FBB726BAAE3E00C7F70C /* my-story-1-text.txt in Resources */ = {isa = PBXBuildFile; fileRef = E939FBB626BAAE3E00C7F70C /* my-story-1-text.txt */; };
		E939FBB926BAAE9700C7F70C /* my-story-1-title.txt in Resources */ = {isa = PBXBuildFile; fileRef = E939FBB826BAAE9700C7F70C /* my-story-1-title.txt */; };
		E939FBBC26BAB06E00C7F70C /* my-story-2-path.swift in Sources */ = {isa = PBXBuildFile; fileRef = E939FBBB26BAB06E00C7F70C /* my-story-2-path.swift */; };
		E939FBBE26BAB25700C7F70C /* my-story-2-text.txt in Resources */ = {isa = PBXBuildFile; fileRef = E939FBBD26BAB25700C7F70C /* my-story-2-text.txt */; };
		E939FBC026BAB26200C7F70C /* my-story-2-title.txt in Resources */ = {isa = PBXBuildFile; fileRef = E939FBBF26BAB26200C7F70C /* my-story-2-title.txt */; };
		E94CACE026B5DF6B00611098 /* SettingItem.m in Sources */ = {isa = PBXBuildFile; fileRef = E94CACDF26B5DF6B00611098 /* SettingItem.m */; };
		E94CACE326B5E0FA00611098 /* BaseSettingTableViewCell.m in Sources */ = {isa = PBXBuildFile; fileRef = E94CACE226B5E0FA00611098 /* BaseSettingTableViewCell.m */; };
		E964190A26B6B6C60069E770 /* ControlSettingTableViewCell.m in Sources */ = {isa = PBXBuildFile; fileRef = E964190926B6B6C60069E770 /* ControlSettingTableViewCell.m */; };
		E964190D26B6B6D90069E770 /* SubtitleSettingTableViewCell.m in Sources */ = {isa = PBXBuildFile; fileRef = E964190C26B6B6D90069E770 /* SubtitleSettingTableViewCell.m */; };
		E964191226B6DE800069E770 /* ItemTile.swift in Sources */ = {isa = PBXBuildFile; fileRef = E964191126B6DE800069E770 /* ItemTile.swift */; };
		E972920426B83919008D37F4 /* ItemDetailsViewController.swift in Sources */ = {isa = PBXBuildFile; fileRef = E972920326B83919008D37F4 /* ItemDetailsViewController.swift */; };
		E9CF00B426B6930C00097D07 /* UIColor+HexFormat.m in Sources */ = {isa = PBXBuildFile; fileRef = E9CF00B326B6930C00097D07 /* UIColor+HexFormat.m */; };
		E9CF00B826B6A2AB00097D07 /* StrokeColorsViewController.m in Sources */ = {isa = PBXBuildFile; fileRef = E9CF00B726B6A2AB00097D07 /* StrokeColorsViewController.m */; };
		E9CF00BC26B6A59E00097D07 /* StrokeColorTableViewCell.m in Sources */ = {isa = PBXBuildFile; fileRef = E9CF00BB26B6A59E00097D07 /* StrokeColorTableViewCell.m */; };
		E9D2A06C26B3EDAD00859DC8 /* ItemsViewController.swift in Sources */ = {isa = PBXBuildFile; fileRef = E9D2A06B26B3EDAD00859DC8 /* ItemsViewController.swift */; };
		E9D2A07426B3F37900859DC8 /* SF-Pro-Display-Regular.otf in Resources */ = {isa = PBXBuildFile; fileRef = E9D2A07026B3F37900859DC8 /* SF-Pro-Display-Regular.otf */; };
		E9D2A07526B3F37900859DC8 /* SF-Pro-Display-Medium.otf in Resources */ = {isa = PBXBuildFile; fileRef = E9D2A07126B3F37900859DC8 /* SF-Pro-Display-Medium.otf */; };
		E9D2A07626B3F37900859DC8 /* Rockwell.ttc in Resources */ = {isa = PBXBuildFile; fileRef = E9D2A07226B3F37900859DC8 /* Rockwell.ttc */; };
		E9D2A07726B3F37900859DC8 /* SF-Pro-Display-Semibold.otf in Resources */ = {isa = PBXBuildFile; fileRef = E9D2A07326B3F37900859DC8 /* SF-Pro-Display-Semibold.otf */; };
		E9D2A07B26B3FF2900859DC8 /* SettingsViewController.m in Sources */ = {isa = PBXBuildFile; fileRef = E9D2A07A26B3FF2900859DC8 /* SettingsViewController.m */; };
/* End PBXBuildFile section */

/* Begin PBXFileReference section */
		2BB9E75826AB605700112651 /* RSSchool_T9.app */ = {isa = PBXFileReference; explicitFileType = wrapper.application; includeInIndex = 0; path = RSSchool_T9.app; sourceTree = BUILT_PRODUCTS_DIR; };
		2BB9E75B26AB605700112651 /* AppDelegate.swift */ = {isa = PBXFileReference; lastKnownFileType = sourcecode.swift; path = AppDelegate.swift; sourceTree = "<group>"; };
		2BB9E75D26AB605700112651 /* SceneDelegate.swift */ = {isa = PBXFileReference; lastKnownFileType = sourcecode.swift; path = SceneDelegate.swift; sourceTree = "<group>"; };
		2BB9E76426AB605900112651 /* Assets.xcassets */ = {isa = PBXFileReference; lastKnownFileType = folder.assetcatalog; path = Assets.xcassets; sourceTree = "<group>"; };
		2BB9E76726AB605900112651 /* Base */ = {isa = PBXFileReference; lastKnownFileType = file.storyboard; name = Base; path = Base.lproj/LaunchScreen.storyboard; sourceTree = "<group>"; };
		2BB9E76926AB605900112651 /* Info.plist */ = {isa = PBXFileReference; lastKnownFileType = text.plist.xml; path = Info.plist; sourceTree = "<group>"; };
		2BB9F29026ADFAF100F43852 /* Data.swift */ = {isa = PBXFileReference; lastKnownFileType = sourcecode.swift; path = Data.swift; sourceTree = "<group>"; };
		2BB9F29426AE01A300F43852 /* s1-title.txt */ = {isa = PBXFileReference; lastKnownFileType = text; path = "s1-title.txt"; sourceTree = "<group>"; };
		2BB9F29626AE01B800F43852 /* s1-text.txt */ = {isa = PBXFileReference; lastKnownFileType = text; path = "s1-text.txt"; sourceTree = "<group>"; };
		2BB9F2EB26AF1F6200F43852 /* story-1-path.swift */ = {isa = PBXFileReference; lastKnownFileType = sourcecode.swift; path = "story-1-path.swift"; sourceTree = "<group>"; };
		2BB9F2FD26AF556600F43852 /* s2-title.txt */ = {isa = PBXFileReference; lastKnownFileType = text; path = "s2-title.txt"; sourceTree = "<group>"; };
		2BB9F2FF26AF556C00F43852 /* s2-text.txt */ = {isa = PBXFileReference; lastKnownFileType = text; path = "s2-text.txt"; sourceTree = "<group>"; };
		2BB9F30026AF557E00F43852 /* story-2-path.swift */ = {isa = PBXFileReference; lastKnownFileType = sourcecode.swift; path = "story-2-path.swift"; sourceTree = "<group>"; };
		2BB9F30626AF5D9D00F43852 /* s3-text.txt */ = {isa = PBXFileReference; lastKnownFileType = text; path = "s3-text.txt"; sourceTree = "<group>"; };
		2BB9F30826AF5DAF00F43852 /* s3-title.txt */ = {isa = PBXFileReference; lastKnownFileType = text; path = "s3-title.txt"; sourceTree = "<group>"; };
		2BB9F30A26AF5EEC00F43852 /* story-3-path.swift */ = {isa = PBXFileReference; lastKnownFileType = sourcecode.swift; path = "story-3-path.swift"; sourceTree = "<group>"; };
		2BB9F30D26AF5FA900F43852 /* story-4-path.swift */ = {isa = PBXFileReference; lastKnownFileType = sourcecode.swift; path = "story-4-path.swift"; sourceTree = "<group>"; };
		2BB9F30F26AF5FB300F43852 /* s4-text.txt */ = {isa = PBXFileReference; lastKnownFileType = text; path = "s4-text.txt"; sourceTree = "<group>"; };
		2BB9F31126AF5FBE00F43852 /* s4-title.txt */ = {isa = PBXFileReference; lastKnownFileType = text; path = "s4-title.txt"; sourceTree = "<group>"; };
		E91CDB5F26B8548A006E79EB /* CoverImageView.swift */ = {isa = PBXFileReference; lastKnownFileType = sourcecode.swift; path = CoverImageView.swift; sourceTree = "<group>"; };
		E91CDB6526B890D7006E79EB /* PaddingLabel.swift */ = {isa = PBXFileReference; lastKnownFileType = sourcecode.swift; path = PaddingLabel.swift; sourceTree = "<group>"; };
		E92D071E26B9716300419A27 /* ContentData.swift */ = {isa = PBXFileReference; lastKnownFileType = sourcecode.swift; path = ContentData.swift; sourceTree = "<group>"; };
		E92D072326B9804D00419A27 /* ClickableImage.swift */ = {isa = PBXFileReference; lastKnownFileType = sourcecode.swift; path = ClickableImage.swift; sourceTree = "<group>"; };
		E92D072526B9857A00419A27 /* FullImageViewController.swift */ = {isa = PBXFileReference; lastKnownFileType = sourcecode.swift; path = FullImageViewController.swift; sourceTree = "<group>"; };
		E92D072B26B9CBC300419A27 /* Canvas.swift */ = {isa = PBXFileReference; lastKnownFileType = sourcecode.swift; path = Canvas.swift; sourceTree = "<group>"; };
		E939FBB426BA905600C7F70C /* my-story-1-path.swift */ = {isa = PBXFileReference; lastKnownFileType = sourcecode.swift; path = "my-story-1-path.swift"; sourceTree = "<group>"; };
		E939FBB626BAAE3E00C7F70C /* my-story-1-text.txt */ = {isa = PBXFileReference; lastKnownFileType = text; path = "my-story-1-text.txt"; sourceTree = "<group>"; };
		E939FBB826BAAE9700C7F70C /* my-story-1-title.txt */ = {isa = PBXFileReference; lastKnownFileType = text; path = "my-story-1-title.txt"; sourceTree = "<group>"; };
		E939FBBB26BAB06E00C7F70C /* my-story-2-path.swift */ = {isa = PBXFileReference; lastKnownFileType = sourcecode.swift; path = "my-story-2-path.swift"; sourceTree = "<group>"; };
		E939FBBD26BAB25700C7F70C /* my-story-2-text.txt */ = {isa = PBXFileReference; lastKnownFileType = text; path = "my-story-2-text.txt"; sourceTree = "<group>"; };
		E939FBBF26BAB26200C7F70C /* my-story-2-title.txt */ = {isa = PBXFileReference; lastKnownFileType = text; path = "my-story-2-title.txt"; sourceTree = "<group>"; };
		E94CACDE26B5DF6B00611098 /* SettingItem.h */ = {isa = PBXFileReference; lastKnownFileType = sourcecode.c.h; path = SettingItem.h; sourceTree = "<group>"; };
		E94CACDF26B5DF6B00611098 /* SettingItem.m */ = {isa = PBXFileReference; lastKnownFileType = sourcecode.c.objc; path = SettingItem.m; sourceTree = "<group>"; };
		E94CACE126B5E0FA00611098 /* BaseSettingTableViewCell.h */ = {isa = PBXFileReference; lastKnownFileType = sourcecode.c.h; path = BaseSettingTableViewCell.h; sourceTree = "<group>"; };
		E94CACE226B5E0FA00611098 /* BaseSettingTableViewCell.m */ = {isa = PBXFileReference; lastKnownFileType = sourcecode.c.objc; path = BaseSettingTableViewCell.m; sourceTree = "<group>"; };
		E964190826B6B6C60069E770 /* ControlSettingTableViewCell.h */ = {isa = PBXFileReference; lastKnownFileType = sourcecode.c.h; path = ControlSettingTableViewCell.h; sourceTree = "<group>"; };
		E964190926B6B6C60069E770 /* ControlSettingTableViewCell.m */ = {isa = PBXFileReference; lastKnownFileType = sourcecode.c.objc; path = ControlSettingTableViewCell.m; sourceTree = "<group>"; };
		E964190B26B6B6D90069E770 /* SubtitleSettingTableViewCell.h */ = {isa = PBXFileReference; lastKnownFileType = sourcecode.c.h; path = SubtitleSettingTableViewCell.h; sourceTree = "<group>"; };
		E964190C26B6B6D90069E770 /* SubtitleSettingTableViewCell.m */ = {isa = PBXFileReference; lastKnownFileType = sourcecode.c.objc; path = SubtitleSettingTableViewCell.m; sourceTree = "<group>"; };
		E964191126B6DE800069E770 /* ItemTile.swift */ = {isa = PBXFileReference; lastKnownFileType = sourcecode.swift; path = ItemTile.swift; sourceTree = "<group>"; };
		E972920326B83919008D37F4 /* ItemDetailsViewController.swift */ = {isa = PBXFileReference; lastKnownFileType = sourcecode.swift; path = ItemDetailsViewController.swift; sourceTree = "<group>"; };
		E9CF00B226B6930C00097D07 /* UIColor+HexFormat.h */ = {isa = PBXFileReference; lastKnownFileType = sourcecode.c.h; path = "UIColor+HexFormat.h"; sourceTree = "<group>"; };
		E9CF00B326B6930C00097D07 /* UIColor+HexFormat.m */ = {isa = PBXFileReference; lastKnownFileType = sourcecode.c.objc; path = "UIColor+HexFormat.m"; sourceTree = "<group>"; };
		E9CF00B626B6A2AB00097D07 /* StrokeColorsViewController.h */ = {isa = PBXFileReference; lastKnownFileType = sourcecode.c.h; path = StrokeColorsViewController.h; sourceTree = "<group>"; };
		E9CF00B726B6A2AB00097D07 /* StrokeColorsViewController.m */ = {isa = PBXFileReference; lastKnownFileType = sourcecode.c.objc; path = StrokeColorsViewController.m; sourceTree = "<group>"; };
		E9CF00BA26B6A59E00097D07 /* StrokeColorTableViewCell.h */ = {isa = PBXFileReference; lastKnownFileType = sourcecode.c.h; path = StrokeColorTableViewCell.h; sourceTree = "<group>"; };
		E9CF00BB26B6A59E00097D07 /* StrokeColorTableViewCell.m */ = {isa = PBXFileReference; lastKnownFileType = sourcecode.c.objc; path = StrokeColorTableViewCell.m; sourceTree = "<group>"; };
		E9D2A06B26B3EDAD00859DC8 /* ItemsViewController.swift */ = {isa = PBXFileReference; lastKnownFileType = sourcecode.swift; path = ItemsViewController.swift; sourceTree = "<group>"; };
		E9D2A07026B3F37900859DC8 /* SF-Pro-Display-Regular.otf */ = {isa = PBXFileReference; lastKnownFileType = file; path = "SF-Pro-Display-Regular.otf"; sourceTree = "<group>"; };
		E9D2A07126B3F37900859DC8 /* SF-Pro-Display-Medium.otf */ = {isa = PBXFileReference; lastKnownFileType = file; path = "SF-Pro-Display-Medium.otf"; sourceTree = "<group>"; };
		E9D2A07226B3F37900859DC8 /* Rockwell.ttc */ = {isa = PBXFileReference; lastKnownFileType = file; path = Rockwell.ttc; sourceTree = "<group>"; };
		E9D2A07326B3F37900859DC8 /* SF-Pro-Display-Semibold.otf */ = {isa = PBXFileReference; lastKnownFileType = file; path = "SF-Pro-Display-Semibold.otf"; sourceTree = "<group>"; };
		E9D2A07826B3FF2900859DC8 /* RSSchool_T9-Bridging-Header.h */ = {isa = PBXFileReference; lastKnownFileType = sourcecode.c.h; path = "RSSchool_T9-Bridging-Header.h"; sourceTree = "<group>"; };
		E9D2A07926B3FF2900859DC8 /* SettingsViewController.h */ = {isa = PBXFileReference; lastKnownFileType = sourcecode.c.h; path = SettingsViewController.h; sourceTree = "<group>"; };
		E9D2A07A26B3FF2900859DC8 /* SettingsViewController.m */ = {isa = PBXFileReference; lastKnownFileType = sourcecode.c.objc; path = SettingsViewController.m; sourceTree = "<group>"; };
/* End PBXFileReference section */

/* Begin PBXFrameworksBuildPhase section */
		2BB9E75526AB605700112651 /* Frameworks */ = {
			isa = PBXFrameworksBuildPhase;
			buildActionMask = 2147483647;
			files = (
			);
			runOnlyForDeploymentPostprocessing = 0;
		};
/* End PBXFrameworksBuildPhase section */

/* Begin PBXGroup section */
		2BB9E74F26AB605700112651 = {
			isa = PBXGroup;
			children = (
				2BB9E75A26AB605700112651 /* RSSchool_T9 */,
				2BB9E75926AB605700112651 /* Products */,
			);
			sourceTree = "<group>";
		};
		2BB9E75926AB605700112651 /* Products */ = {
			isa = PBXGroup;
			children = (
				2BB9E75826AB605700112651 /* RSSchool_T9.app */,
			);
			name = Products;
			sourceTree = "<group>";
		};
		2BB9E75A26AB605700112651 /* RSSchool_T9 */ = {
			isa = PBXGroup;
			children = (
				E964190F26B6DE3C0069E770 /* Components */,
				E9CF00B126B692EB00097D07 /* Categories */,
				E94CACDC26B5DF4E00611098 /* Models */,
				E9D2A06826B3ED7400859DC8 /* Views */,
				E9D2A06F26B3F30700859DC8 /* Resources */,
				E95AC88426B33A9400831B9B /* App */,
				2BB9F28F26ADFAEB00F43852 /* Data */,
				2BB9E76426AB605900112651 /* Assets.xcassets */,
				2BB9E76626AB605900112651 /* LaunchScreen.storyboard */,
				2BB9E76926AB605900112651 /* Info.plist */,
				E9D2A07826B3FF2900859DC8 /* RSSchool_T9-Bridging-Header.h */,
			);
			path = RSSchool_T9;
			sourceTree = "<group>";
		};
		2BB9F28F26ADFAEB00F43852 /* Data */ = {
			isa = PBXGroup;
			children = (
				2BB9F29226AE017D00F43852 /* Static */,
				2BB9F29026ADFAF100F43852 /* Data.swift */,
			);
			path = Data;
			sourceTree = "<group>";
		};
		2BB9F29226AE017D00F43852 /* Static */ = {
			isa = PBXGroup;
			children = (
				E939FBBA26BAB05C00C7F70C /* my-story-2 */,
				E939FBB326BA903D00C7F70C /* my-story-1 */,
				2BB9F30C26AF5F9C00F43852 /* story-4 */,
				2BB9F30326AF5D7E00F43852 /* story-3 */,
				2BB9F2FC26AF554C00F43852 /* story-2 */,
				2BB9F29326AE018200F43852 /* story-1 */,
			);
			path = Static;
			sourceTree = "<group>";
		};
		2BB9F29326AE018200F43852 /* story-1 */ = {
			isa = PBXGroup;
			children = (
				2BB9F29426AE01A300F43852 /* s1-title.txt */,
				2BB9F29626AE01B800F43852 /* s1-text.txt */,
				2BB9F2EB26AF1F6200F43852 /* story-1-path.swift */,
			);
			path = "story-1";
			sourceTree = "<group>";
		};
		2BB9F2FC26AF554C00F43852 /* story-2 */ = {
			isa = PBXGroup;
			children = (
				2BB9F2FF26AF556C00F43852 /* s2-text.txt */,
				2BB9F2FD26AF556600F43852 /* s2-title.txt */,
				2BB9F30026AF557E00F43852 /* story-2-path.swift */,
			);
			path = "story-2";
			sourceTree = "<group>";
		};
		2BB9F30326AF5D7E00F43852 /* story-3 */ = {
			isa = PBXGroup;
			children = (
				2BB9F30626AF5D9D00F43852 /* s3-text.txt */,
				2BB9F30826AF5DAF00F43852 /* s3-title.txt */,
				2BB9F30A26AF5EEC00F43852 /* story-3-path.swift */,
			);
			path = "story-3";
			sourceTree = "<group>";
		};
		2BB9F30C26AF5F9C00F43852 /* story-4 */ = {
			isa = PBXGroup;
			children = (
				2BB9F30D26AF5FA900F43852 /* story-4-path.swift */,
				2BB9F30F26AF5FB300F43852 /* s4-text.txt */,
				2BB9F31126AF5FBE00F43852 /* s4-title.txt */,
			);
			path = "story-4";
			sourceTree = "<group>";
		};
		E91CDB5E26B8546B006E79EB /* CoverImage */ = {
			isa = PBXGroup;
			children = (
				E91CDB5F26B8548A006E79EB /* CoverImageView.swift */,
			);
			path = CoverImage;
			sourceTree = "<group>";
		};
		E91CDB6426B890C2006E79EB /* PaddingLabel */ = {
			isa = PBXGroup;
			children = (
				E91CDB6526B890D7006E79EB /* PaddingLabel.swift */,
			);
			path = PaddingLabel;
			sourceTree = "<group>";
		};
		E92D071D26B9714A00419A27 /* ContentData */ = {
			isa = PBXGroup;
			children = (
				E92D071E26B9716300419A27 /* ContentData.swift */,
			);
			path = ContentData;
			sourceTree = "<group>";
		};
		E92D072026B97A5400419A27 /* FullImage */ = {
			isa = PBXGroup;
			children = (
				E92D072526B9857A00419A27 /* FullImageViewController.swift */,
			);
			path = FullImage;
			sourceTree = "<group>";
		};
		E92D072A26B9CB9E00419A27 /* Canvas */ = {
			isa = PBXGroup;
			children = (
				E92D072B26B9CBC300419A27 /* Canvas.swift */,
			);
			path = Canvas;
			sourceTree = "<group>";
		};
		E939FBB326BA903D00C7F70C /* my-story-1 */ = {
			isa = PBXGroup;
			children = (
				E939FBB426BA905600C7F70C /* my-story-1-path.swift */,
				E939FBB626BAAE3E00C7F70C /* my-story-1-text.txt */,
				E939FBB826BAAE9700C7F70C /* my-story-1-title.txt */,
			);
			path = "my-story-1";
			sourceTree = "<group>";
		};
		E939FBBA26BAB05C00C7F70C /* my-story-2 */ = {
			isa = PBXGroup;
			children = (
				E939FBBB26BAB06E00C7F70C /* my-story-2-path.swift */,
				E939FBBD26BAB25700C7F70C /* my-story-2-text.txt */,
				E939FBBF26BAB26200C7F70C /* my-story-2-title.txt */,
			);
			path = "my-story-2";
			sourceTree = "<group>";
		};
		E94CACD326B5992000611098 /* BaseSettingTableViewCell */ = {
			isa = PBXGroup;
			children = (
				E94CACE126B5E0FA00611098 /* BaseSettingTableViewCell.h */,
				E94CACE226B5E0FA00611098 /* BaseSettingTableViewCell.m */,
			);
			path = BaseSettingTableViewCell;
			sourceTree = "<group>";
		};
		E94CACDC26B5DF4E00611098 /* Models */ = {
			isa = PBXGroup;
			children = (
				E92D071D26B9714A00419A27 /* ContentData */,
				E94CACDD26B5DF5300611098 /* SettingItem */,
			);
			path = Models;
			sourceTree = "<group>";
		};
		E94CACDD26B5DF5300611098 /* SettingItem */ = {
			isa = PBXGroup;
			children = (
				E94CACDE26B5DF6B00611098 /* SettingItem.h */,
				E94CACDF26B5DF6B00611098 /* SettingItem.m */,
			);
			path = SettingItem;
			sourceTree = "<group>";
		};
		E95AC88426B33A9400831B9B /* App */ = {
			isa = PBXGroup;
			children = (
				2BB9E75B26AB605700112651 /* AppDelegate.swift */,
				2BB9E75D26AB605700112651 /* SceneDelegate.swift */,
			);
			path = App;
			sourceTree = "<group>";
		};
		E964190626B6B5B40069E770 /* ControlSettingTableViewCell */ = {
			isa = PBXGroup;
			children = (
				E964190826B6B6C60069E770 /* ControlSettingTableViewCell.h */,
				E964190926B6B6C60069E770 /* ControlSettingTableViewCell.m */,
			);
			path = ControlSettingTableViewCell;
			sourceTree = "<group>";
		};
		E964190726B6B69A0069E770 /* SubtitleSettingTableViewCell */ = {
			isa = PBXGroup;
			children = (
				E964190B26B6B6D90069E770 /* SubtitleSettingTableViewCell.h */,
				E964190C26B6B6D90069E770 /* SubtitleSettingTableViewCell.m */,
			);
			path = SubtitleSettingTableViewCell;
			sourceTree = "<group>";
		};
		E964190F26B6DE3C0069E770 /* Components */ = {
			isa = PBXGroup;
			children = (
				E92D072A26B9CB9E00419A27 /* Canvas */,
				E91CDB6426B890C2006E79EB /* PaddingLabel */,
				E91CDB5E26B8546B006E79EB /* CoverImage */,
				E972920126B82FB1008D37F4 /* StrokeColorTableViewCell */,
				E964190626B6B5B40069E770 /* ControlSettingTableViewCell */,
				E94CACD326B5992000611098 /* BaseSettingTableViewCell */,
				E964190726B6B69A0069E770 /* SubtitleSettingTableViewCell */,
				E964191026B6DE440069E770 /* ItemTile */,
			);
			path = Components;
			sourceTree = "<group>";
		};
		E964191026B6DE440069E770 /* ItemTile */ = {
			isa = PBXGroup;
			children = (
				E964191126B6DE800069E770 /* ItemTile.swift */,
			);
			path = ItemTile;
			sourceTree = "<group>";
		};
		E972920126B82FB1008D37F4 /* StrokeColorTableViewCell */ = {
			isa = PBXGroup;
			children = (
				E9CF00BA26B6A59E00097D07 /* StrokeColorTableViewCell.h */,
				E9CF00BB26B6A59E00097D07 /* StrokeColorTableViewCell.m */,
			);
			path = StrokeColorTableViewCell;
			sourceTree = "<group>";
		};
		E972920226B838F9008D37F4 /* ItemDetails */ = {
			isa = PBXGroup;
			children = (
				E972920526B83ACE008D37F4 /* Components */,
				E972920326B83919008D37F4 /* ItemDetailsViewController.swift */,
			);
			path = ItemDetails;
			sourceTree = "<group>";
		};
		E972920526B83ACE008D37F4 /* Components */ = {
			isa = PBXGroup;
			children = (
				E92D072326B9804D00419A27 /* ClickableImage.swift */,
			);
			path = Components;
			sourceTree = "<group>";
		};
		E9CF00B126B692EB00097D07 /* Categories */ = {
			isa = PBXGroup;
			children = (
				E9CF00B226B6930C00097D07 /* UIColor+HexFormat.h */,
				E9CF00B326B6930C00097D07 /* UIColor+HexFormat.m */,
			);
			path = Categories;
			sourceTree = "<group>";
		};
		E9CF00B526B6A28100097D07 /* StrokeColors */ = {
			isa = PBXGroup;
			children = (
				E9CF00B626B6A2AB00097D07 /* StrokeColorsViewController.h */,
				E9CF00B726B6A2AB00097D07 /* StrokeColorsViewController.m */,
			);
			path = StrokeColors;
			sourceTree = "<group>";
		};
		E9D2A06826B3ED7400859DC8 /* Views */ = {
			isa = PBXGroup;
			children = (
				E92D072026B97A5400419A27 /* FullImage */,
				E972920226B838F9008D37F4 /* ItemDetails */,
				E9CF00B526B6A28100097D07 /* StrokeColors */,
				E9D2A06A26B3ED8600859DC8 /* Settings */,
				E9D2A06926B3ED8100859DC8 /* Items */,
			);
			path = Views;
			sourceTree = "<group>";
		};
		E9D2A06926B3ED8100859DC8 /* Items */ = {
			isa = PBXGroup;
			children = (
				E9D2A06B26B3EDAD00859DC8 /* ItemsViewController.swift */,
			);
			path = Items;
			sourceTree = "<group>";
		};
		E9D2A06A26B3ED8600859DC8 /* Settings */ = {
			isa = PBXGroup;
			children = (
				E9D2A07926B3FF2900859DC8 /* SettingsViewController.h */,
				E9D2A07A26B3FF2900859DC8 /* SettingsViewController.m */,
			);
			path = Settings;
			sourceTree = "<group>";
		};
		E9D2A06F26B3F30700859DC8 /* Resources */ = {
			isa = PBXGroup;
			children = (
				E9D2A07226B3F37900859DC8 /* Rockwell.ttc */,
				E9D2A07126B3F37900859DC8 /* SF-Pro-Display-Medium.otf */,
				E9D2A07026B3F37900859DC8 /* SF-Pro-Display-Regular.otf */,
				E9D2A07326B3F37900859DC8 /* SF-Pro-Display-Semibold.otf */,
			);
			path = Resources;
			sourceTree = "<group>";
		};
/* End PBXGroup section */

/* Begin PBXNativeTarget section */
		2BB9E75726AB605700112651 /* RSSchool_T9 */ = {
			isa = PBXNativeTarget;
			buildConfigurationList = 2BB9E76C26AB605900112651 /* Build configuration list for PBXNativeTarget "RSSchool_T9" */;
			buildPhases = (
				2BB9E75426AB605700112651 /* Sources */,
				2BB9E75526AB605700112651 /* Frameworks */,
				2BB9E75626AB605700112651 /* Resources */,
			);
			buildRules = (
			);
			dependencies = (
			);
			name = RSSchool_T9;
			productName = RSSchool_T9;
			productReference = 2BB9E75826AB605700112651 /* RSSchool_T9.app */;
			productType = "com.apple.product-type.application";
		};
/* End PBXNativeTarget section */

/* Begin PBXProject section */
		2BB9E75026AB605700112651 /* Project object */ = {
			isa = PBXProject;
			attributes = {
				CLASSPREFIX = RS;
				LastSwiftUpdateCheck = 1250;
				LastUpgradeCheck = 1250;
				ORGANIZATIONNAME = RSSchool;
				TargetAttributes = {
					2BB9E75726AB605700112651 = {
						CreatedOnToolsVersion = 12.5.1;
						LastSwiftMigration = 1250;
					};
				};
			};
			buildConfigurationList = 2BB9E75326AB605700112651 /* Build configuration list for PBXProject "RSSchool_T9" */;
			compatibilityVersion = "Xcode 9.3";
			developmentRegion = en;
			hasScannedForEncodings = 0;
			knownRegions = (
				en,
				Base,
			);
			mainGroup = 2BB9E74F26AB605700112651;
			productRefGroup = 2BB9E75926AB605700112651 /* Products */;
			projectDirPath = "";
			projectRoot = "";
			targets = (
				2BB9E75726AB605700112651 /* RSSchool_T9 */,
			);
		};
/* End PBXProject section */

/* Begin PBXResourcesBuildPhase section */
		2BB9E75626AB605700112651 /* Resources */ = {
			isa = PBXResourcesBuildPhase;
			buildActionMask = 2147483647;
			files = (
				E9D2A07526B3F37900859DC8 /* SF-Pro-Display-Medium.otf in Resources */,
				2BB9E76826AB605900112651 /* LaunchScreen.storyboard in Resources */,
				E9D2A07426B3F37900859DC8 /* SF-Pro-Display-Regular.otf in Resources */,
				E939FBB926BAAE9700C7F70C /* my-story-1-title.txt in Resources */,
				E939FBB726BAAE3E00C7F70C /* my-story-1-text.txt in Resources */,
				2BB9F30726AF5D9D00F43852 /* s3-text.txt in Resources */,
				2BB9F30926AF5DAF00F43852 /* s3-title.txt in Resources */,
				2BB9F31226AF5FBE00F43852 /* s4-title.txt in Resources */,
				2BB9F29526AE01A300F43852 /* s1-title.txt in Resources */,
				2BB9F31026AF5FB300F43852 /* s4-text.txt in Resources */,
				2BB9F2FE26AF556600F43852 /* s2-title.txt in Resources */,
				E9D2A07626B3F37900859DC8 /* Rockwell.ttc in Resources */,
				E9D2A07726B3F37900859DC8 /* SF-Pro-Display-Semibold.otf in Resources */,
				2BB9E76526AB605900112651 /* Assets.xcassets in Resources */,
				2BB9F30226AF57B500F43852 /* s2-text.txt in Resources */,
				E939FBBE26BAB25700C7F70C /* my-story-2-text.txt in Resources */,
				E939FBC026BAB26200C7F70C /* my-story-2-title.txt in Resources */,
				2BB9F29726AE01B800F43852 /* s1-text.txt in Resources */,
			);
			runOnlyForDeploymentPostprocessing = 0;
		};
/* End PBXResourcesBuildPhase section */

/* Begin PBXSourcesBuildPhase section */
		2BB9E75426AB605700112651 /* Sources */ = {
			isa = PBXSourcesBuildPhase;
			buildActionMask = 2147483647;
			files = (
				2BB9F30126AF557E00F43852 /* story-2-path.swift in Sources */,
				E9CF00B826B6A2AB00097D07 /* StrokeColorsViewController.m in Sources */,
				E94CACE326B5E0FA00611098 /* BaseSettingTableViewCell.m in Sources */,
				E964190A26B6B6C60069E770 /* ControlSettingTableViewCell.m in Sources */,
				2BB9E75C26AB605700112651 /* AppDelegate.swift in Sources */,
				E939FBBC26BAB06E00C7F70C /* my-story-2-path.swift in Sources */,
				2BB9F30B26AF5EEC00F43852 /* story-3-path.swift in Sources */,
				E964190D26B6B6D90069E770 /* SubtitleSettingTableViewCell.m in Sources */,
				E9D2A07B26B3FF2900859DC8 /* SettingsViewController.m in Sources */,
				2BB9F29126ADFAF100F43852 /* Data.swift in Sources */,
				E9CF00BC26B6A59E00097D07 /* StrokeColorTableViewCell.m in Sources */,
				E91CDB6626B890D7006E79EB /* PaddingLabel.swift in Sources */,
				E92D072C26B9CBC300419A27 /* Canvas.swift in Sources */,
				E94CACE026B5DF6B00611098 /* SettingItem.m in Sources */,
				E9D2A06C26B3EDAD00859DC8 /* ItemsViewController.swift in Sources */,
				E9CF00B426B6930C00097D07 /* UIColor+HexFormat.m in Sources */,
				2BB9F2EC26AF1F6200F43852 /* story-1-path.swift in Sources */,
				E972920426B83919008D37F4 /* ItemDetailsViewController.swift in Sources */,
				E92D072626B9857A00419A27 /* FullImageViewController.swift in Sources */,
				E92D071F26B9716300419A27 /* ContentData.swift in Sources */,
				E91CDB6026B8548A006E79EB /* CoverImageView.swift in Sources */,
				E92D072426B9804D00419A27 /* ClickableImage.swift in Sources */,
				2BB9F30E26AF5FA900F43852 /* story-4-path.swift in Sources */,
				E939FBB526BA905600C7F70C /* my-story-1-path.swift in Sources */,
				E964191226B6DE800069E770 /* ItemTile.swift in Sources */,
				2BB9E75E26AB605700112651 /* SceneDelegate.swift in Sources */,
			);
			runOnlyForDeploymentPostprocessing = 0;
		};
/* End PBXSourcesBuildPhase section */

/* Begin PBXVariantGroup section */
		2BB9E76626AB605900112651 /* LaunchScreen.storyboard */ = {
			isa = PBXVariantGroup;
			children = (
				2BB9E76726AB605900112651 /* Base */,
			);
			name = LaunchScreen.storyboard;
			sourceTree = "<group>";
		};
/* End PBXVariantGroup section */

/* Begin XCBuildConfiguration section */
		2BB9E76A26AB605900112651 /* Debug */ = {
			isa = XCBuildConfiguration;
			buildSettings = {
				ALWAYS_SEARCH_USER_PATHS = NO;
				CLANG_ANALYZER_NONNULL = YES;
				CLANG_ANALYZER_NUMBER_OBJECT_CONVERSION = YES_AGGRESSIVE;
				CLANG_CXX_LANGUAGE_STANDARD = "gnu++14";
				CLANG_CXX_LIBRARY = "libc++";
				CLANG_ENABLE_MODULES = YES;
				CLANG_ENABLE_OBJC_ARC = YES;
				CLANG_ENABLE_OBJC_WEAK = YES;
				CLANG_WARN_BLOCK_CAPTURE_AUTORELEASING = YES;
				CLANG_WARN_BOOL_CONVERSION = YES;
				CLANG_WARN_COMMA = YES;
				CLANG_WARN_CONSTANT_CONVERSION = YES;
				CLANG_WARN_DEPRECATED_OBJC_IMPLEMENTATIONS = YES;
				CLANG_WARN_DIRECT_OBJC_ISA_USAGE = YES_ERROR;
				CLANG_WARN_DOCUMENTATION_COMMENTS = YES;
				CLANG_WARN_EMPTY_BODY = YES;
				CLANG_WARN_ENUM_CONVERSION = YES;
				CLANG_WARN_INFINITE_RECURSION = YES;
				CLANG_WARN_INT_CONVERSION = YES;
				CLANG_WARN_NON_LITERAL_NULL_CONVERSION = YES;
				CLANG_WARN_OBJC_IMPLICIT_RETAIN_SELF = YES;
				CLANG_WARN_OBJC_LITERAL_CONVERSION = YES;
				CLANG_WARN_OBJC_ROOT_CLASS = YES_ERROR;
				CLANG_WARN_QUOTED_INCLUDE_IN_FRAMEWORK_HEADER = YES;
				CLANG_WARN_RANGE_LOOP_ANALYSIS = YES;
				CLANG_WARN_STRICT_PROTOTYPES = YES;
				CLANG_WARN_SUSPICIOUS_MOVE = YES;
				CLANG_WARN_UNGUARDED_AVAILABILITY = YES_AGGRESSIVE;
				CLANG_WARN_UNREACHABLE_CODE = YES;
				CLANG_WARN__DUPLICATE_METHOD_MATCH = YES;
				COPY_PHASE_STRIP = NO;
				DEBUG_INFORMATION_FORMAT = dwarf;
				ENABLE_STRICT_OBJC_MSGSEND = YES;
				ENABLE_TESTABILITY = YES;
				GCC_C_LANGUAGE_STANDARD = gnu11;
				GCC_DYNAMIC_NO_PIC = NO;
				GCC_NO_COMMON_BLOCKS = YES;
				GCC_OPTIMIZATION_LEVEL = 0;
				GCC_PREPROCESSOR_DEFINITIONS = (
					"DEBUG=1",
					"$(inherited)",
				);
				GCC_WARN_64_TO_32_BIT_CONVERSION = YES;
				GCC_WARN_ABOUT_RETURN_TYPE = YES_ERROR;
				GCC_WARN_UNDECLARED_SELECTOR = YES;
				GCC_WARN_UNINITIALIZED_AUTOS = YES_AGGRESSIVE;
				GCC_WARN_UNUSED_FUNCTION = YES;
				GCC_WARN_UNUSED_VARIABLE = YES;
				IPHONEOS_DEPLOYMENT_TARGET = 14.5;
				MTL_ENABLE_DEBUG_INFO = INCLUDE_SOURCE;
				MTL_FAST_MATH = YES;
				ONLY_ACTIVE_ARCH = YES;
				SDKROOT = iphoneos;
				SWIFT_ACTIVE_COMPILATION_CONDITIONS = DEBUG;
				SWIFT_OPTIMIZATION_LEVEL = "-Onone";
			};
			name = Debug;
		};
		2BB9E76B26AB605900112651 /* Release */ = {
			isa = XCBuildConfiguration;
			buildSettings = {
				ALWAYS_SEARCH_USER_PATHS = NO;
				CLANG_ANALYZER_NONNULL = YES;
				CLANG_ANALYZER_NUMBER_OBJECT_CONVERSION = YES_AGGRESSIVE;
				CLANG_CXX_LANGUAGE_STANDARD = "gnu++14";
				CLANG_CXX_LIBRARY = "libc++";
				CLANG_ENABLE_MODULES = YES;
				CLANG_ENABLE_OBJC_ARC = YES;
				CLANG_ENABLE_OBJC_WEAK = YES;
				CLANG_WARN_BLOCK_CAPTURE_AUTORELEASING = YES;
				CLANG_WARN_BOOL_CONVERSION = YES;
				CLANG_WARN_COMMA = YES;
				CLANG_WARN_CONSTANT_CONVERSION = YES;
				CLANG_WARN_DEPRECATED_OBJC_IMPLEMENTATIONS = YES;
				CLANG_WARN_DIRECT_OBJC_ISA_USAGE = YES_ERROR;
				CLANG_WARN_DOCUMENTATION_COMMENTS = YES;
				CLANG_WARN_EMPTY_BODY = YES;
				CLANG_WARN_ENUM_CONVERSION = YES;
				CLANG_WARN_INFINITE_RECURSION = YES;
				CLANG_WARN_INT_CONVERSION = YES;
				CLANG_WARN_NON_LITERAL_NULL_CONVERSION = YES;
				CLANG_WARN_OBJC_IMPLICIT_RETAIN_SELF = YES;
				CLANG_WARN_OBJC_LITERAL_CONVERSION = YES;
				CLANG_WARN_OBJC_ROOT_CLASS = YES_ERROR;
				CLANG_WARN_QUOTED_INCLUDE_IN_FRAMEWORK_HEADER = YES;
				CLANG_WARN_RANGE_LOOP_ANALYSIS = YES;
				CLANG_WARN_STRICT_PROTOTYPES = YES;
				CLANG_WARN_SUSPICIOUS_MOVE = YES;
				CLANG_WARN_UNGUARDED_AVAILABILITY = YES_AGGRESSIVE;
				CLANG_WARN_UNREACHABLE_CODE = YES;
				CLANG_WARN__DUPLICATE_METHOD_MATCH = YES;
				COPY_PHASE_STRIP = NO;
				DEBUG_INFORMATION_FORMAT = "dwarf-with-dsym";
				ENABLE_NS_ASSERTIONS = NO;
				ENABLE_STRICT_OBJC_MSGSEND = YES;
				GCC_C_LANGUAGE_STANDARD = gnu11;
				GCC_NO_COMMON_BLOCKS = YES;
				GCC_WARN_64_TO_32_BIT_CONVERSION = YES;
				GCC_WARN_ABOUT_RETURN_TYPE = YES_ERROR;
				GCC_WARN_UNDECLARED_SELECTOR = YES;
				GCC_WARN_UNINITIALIZED_AUTOS = YES_AGGRESSIVE;
				GCC_WARN_UNUSED_FUNCTION = YES;
				GCC_WARN_UNUSED_VARIABLE = YES;
				IPHONEOS_DEPLOYMENT_TARGET = 14.5;
				MTL_ENABLE_DEBUG_INFO = NO;
				MTL_FAST_MATH = YES;
				SDKROOT = iphoneos;
				SWIFT_COMPILATION_MODE = wholemodule;
				SWIFT_OPTIMIZATION_LEVEL = "-O";
				VALIDATE_PRODUCT = YES;
			};
			name = Release;
		};
		2BB9E76D26AB605900112651 /* Debug */ = {
			isa = XCBuildConfiguration;
			buildSettings = {
				ASSETCATALOG_COMPILER_APPICON_NAME = AppIcon;
				ASSETCATALOG_COMPILER_GLOBAL_ACCENT_COLOR_NAME = AccentColor;
				CLANG_ENABLE_MODULES = YES;
				CODE_SIGN_STYLE = Automatic;
				DEVELOPMENT_TEAM = BSCCGM92FS;
				INFOPLIST_FILE = RSSchool_T9/Info.plist;
				IPHONEOS_DEPLOYMENT_TARGET = 13.0;
				LD_RUNPATH_SEARCH_PATHS = (
					"$(inherited)",
					"@executable_path/Frameworks",
				);
				PRODUCT_BUNDLE_IDENTIFIER = "com.username.RSSchool-T9";
				PRODUCT_NAME = "$(TARGET_NAME)";
				SWIFT_OBJC_BRIDGING_HEADER = "RSSchool_T9/RSSchool_T9-Bridging-Header.h";
				SWIFT_OPTIMIZATION_LEVEL = "-Onone";
				SWIFT_VERSION = 5.0;
				TARGETED_DEVICE_FAMILY = 1;
			};
			name = Debug;
		};
		2BB9E76E26AB605900112651 /* Release */ = {
			isa = XCBuildConfiguration;
			buildSettings = {
				ASSETCATALOG_COMPILER_APPICON_NAME = AppIcon;
				ASSETCATALOG_COMPILER_GLOBAL_ACCENT_COLOR_NAME = AccentColor;
				CLANG_ENABLE_MODULES = YES;
				CODE_SIGN_STYLE = Automatic;
				DEVELOPMENT_TEAM = BSCCGM92FS;
				INFOPLIST_FILE = RSSchool_T9/Info.plist;
				IPHONEOS_DEPLOYMENT_TARGET = 13.0;
				LD_RUNPATH_SEARCH_PATHS = (
					"$(inherited)",
					"@executable_path/Frameworks",
				);
				PRODUCT_BUNDLE_IDENTIFIER = "com.username.RSSchool-T9";
				PRODUCT_NAME = "$(TARGET_NAME)";
				SWIFT_OBJC_BRIDGING_HEADER = "RSSchool_T9/RSSchool_T9-Bridging-Header.h";
				SWIFT_VERSION = 5.0;
				TARGETED_DEVICE_FAMILY = 1;
			};
			name = Release;
		};
/* End XCBuildConfiguration section */

/* Begin XCConfigurationList section */
		2BB9E75326AB605700112651 /* Build configuration list for PBXProject "RSSchool_T9" */ = {
			isa = XCConfigurationList;
			buildConfigurations = (
				2BB9E76A26AB605900112651 /* Debug */,
				2BB9E76B26AB605900112651 /* Release */,
			);
			defaultConfigurationIsVisible = 0;
			defaultConfigurationName = Release;
		};
		2BB9E76C26AB605900112651 /* Build configuration list for PBXNativeTarget "RSSchool_T9" */ = {
			isa = XCConfigurationList;
			buildConfigurations = (
				2BB9E76D26AB605900112651 /* Debug */,
				2BB9E76E26AB605900112651 /* Release */,
			);
			defaultConfigurationIsVisible = 0;
			defaultConfigurationName = Release;
		};
/* End XCConfigurationList section */
	};
	rootObject = 2BB9E75026AB605700112651 /* Project object */;
}
